// !$*UTF8*$!
{
	archiveVersion = 1;
	classes = {
	};
	objectVersion = 46;
	objects = {

/* Begin PBXBuildFile section */
		FEF3DC131D21DBA0009E86EA /* main.m in Sources */ = {isa = PBXBuildFile; fileRef = FEF3DC121D21DBA0009E86EA /* main.m */; };
		FEF3DC161D21DBA0009E86EA /* AppDelegate.m in Sources */ = {isa = PBXBuildFile; fileRef = FEF3DC151D21DBA0009E86EA /* AppDelegate.m */; };
		FEF3DC191D21DBA0009E86EA /* FirstViewController.m in Sources */ = {isa = PBXBuildFile; fileRef = FEF3DC181D21DBA0009E86EA /* FirstViewController.m */; };
		FEF3DC1C1D21DBA0009E86EA /* SecondViewController.m in Sources */ = {isa = PBXBuildFile; fileRef = FEF3DC1B1D21DBA0009E86EA /* SecondViewController.m */; };
		FEF3DC1F1D21DBA0009E86EA /* Main.storyboard in Resources */ = {isa = PBXBuildFile; fileRef = FEF3DC1D1D21DBA0009E86EA /* Main.storyboard */; };
		FEF3DC211D21DBA0009E86EA /* Assets.xcassets in Resources */ = {isa = PBXBuildFile; fileRef = FEF3DC201D21DBA0009E86EA /* Assets.xcassets */; };
		FEF3DC241D21DBA0009E86EA /* LaunchScreen.storyboard in Resources */ = {isa = PBXBuildFile; fileRef = FEF3DC221D21DBA0009E86EA /* LaunchScreen.storyboard */; };
/* End PBXBuildFile section */

/* Begin PBXFileReference section */
		FEF3DC0E1D21DBA0009E86EA /* Lecture3.app */ = {isa = PBXFileReference; explicitFileType = wrapper.application; includeInIndex = 0; path = Lecture3.app; sourceTree = BUILT_PRODUCTS_DIR; };
		FEF3DC121D21DBA0009E86EA /* main.m */ = {isa = PBXFileReference; lastKnownFileType = sourcecode.c.objc; path = main.m; sourceTree = "<group>"; };
		FEF3DC141D21DBA0009E86EA /* AppDelegate.h */ = {isa = PBXFileReference; lastKnownFileType = sourcecode.c.h; path = AppDelegate.h; sourceTree = "<group>"; };
		FEF3DC151D21DBA0009E86EA /* AppDelegate.m */ = {isa = PBXFileReference; lastKnownFileType = sourcecode.c.objc; path = AppDelegate.m; sourceTree = "<group>"; };
		FEF3DC171D21DBA0009E86EA /* FirstViewController.h */ = {isa = PBXFileReference; lastKnownFileType = sourcecode.c.h; path = FirstViewController.h; sourceTree = "<group>"; };
		FEF3DC181D21DBA0009E86EA /* FirstViewController.m */ = {isa = PBXFileReference; lastKnownFileType = sourcecode.c.objc; path = FirstViewController.m; sourceTree = "<group>"; };
		FEF3DC1A1D21DBA0009E86EA /* SecondViewController.h */ = {isa = PBXFileReference; lastKnownFileType = sourcecode.c.h; path = SecondViewController.h; sourceTree = "<group>"; };
		FEF3DC1B1D21DBA0009E86EA /* SecondViewController.m */ = {isa = PBXFileReference; lastKnownFileType = sourcecode.c.objc; path = SecondViewController.m; sourceTree = "<group>"; };
		FEF3DC1E1D21DBA0009E86EA /* Base */ = {isa = PBXFileReference; lastKnownFileType = file.storyboard; name = Base; path = Base.lproj/Main.storyboard; sourceTree = "<group>"; };
		FEF3DC201D21DBA0009E86EA /* Assets.xcassets */ = {isa = PBXFileReference; lastKnownFileType = folder.assetcatalog; path = Assets.xcassets; sourceTree = "<group>"; };
		FEF3DC231D21DBA0009E86EA /* Base */ = {isa = PBXFileReference; lastKnownFileType = file.storyboard; name = Base; path = Base.lproj/LaunchScreen.storyboard; sourceTree = "<group>"; };
		FEF3DC251D21DBA0009E86EA /* Info.plist */ = {isa = PBXFileReference; lastKnownFileType = text.plist.xml; path = Info.plist; sourceTree = "<group>"; };
/* End PBXFileReference section */

/* Begin PBXFrameworksBuildPhase section */
		FEF3DC0B1D21DBA0009E86EA /* Frameworks */ = {
			isa = PBXFrameworksBuildPhase;
			buildActionMask = 2147483647;
			files = (
			);
			runOnlyForDeploymentPostprocessing = 0;
		};
/* End PBXFrameworksBuildPhase section */

/* Begin PBXGroup section */
		FEF3DC051D21DBA0009E86EA = {
			isa = PBXGroup;
			children = (
				FEF3DC101D21DBA0009E86EA /* Lecture3 */,
				FEF3DC0F1D21DBA0009E86EA /* Products */,
			);
			sourceTree = "<group>";
		};
		FEF3DC0F1D21DBA0009E86EA /* Products */ = {
			isa = PBXGroup;
			children = (
				FEF3DC0E1D21DBA0009E86EA /* Lecture3.app */,
			);
			name = Products;
			sourceTree = "<group>";
		};
		FEF3DC101D21DBA0009E86EA /* Lecture3 */ = {
			isa = PBXGroup;
			children = (
				FEF3DC141D21DBA0009E86EA /* AppDelegate.h */,
				FEF3DC151D21DBA0009E86EA /* AppDelegate.m */,
				FEF3DC171D21DBA0009E86EA /* FirstViewController.h */,
				FEF3DC181D21DBA0009E86EA /* FirstViewController.m */,
				FEF3DC1A1D21DBA0009E86EA /* SecondViewController.h */,
				FEF3DC1B1D21DBA0009E86EA /* SecondViewController.m */,
				FEF3DC1D1D21DBA0009E86EA /* Main.storyboard */,
				FEF3DC201D21DBA0009E86EA /* Assets.xcassets */,
				FEF3DC221D21DBA0009E86EA /* LaunchScreen.storyboard */,
				FEF3DC251D21DBA0009E86EA /* Info.plist */,
				FEF3DC111D21DBA0009E86EA /* Supporting Files */,
			);
			path = Lecture3;
			sourceTree = "<group>";
		};
		FEF3DC111D21DBA0009E86EA /* Supporting Files */ = {
			isa = PBXGroup;
			children = (
				FEF3DC121D21DBA0009E86EA /* main.m */,
			);
			name = "Supporting Files";
			sourceTree = "<group>";
		};
/* End PBXGroup section */

/* Begin PBXNativeTarget section */
		FEF3DC0D1D21DBA0009E86EA /* Lecture3 */ = {
			isa = PBXNativeTarget;
			buildConfigurationList = FEF3DC281D21DBA0009E86EA /* Build configuration list for PBXNativeTarget "Lecture3" */;
			buildPhases = (
				FEF3DC0A1D21DBA0009E86EA /* Sources */,
				FEF3DC0B1D21DBA0009E86EA /* Frameworks */,
				FEF3DC0C1D21DBA0009E86EA /* Resources */,
			);
			buildRules = (
			);
			dependencies = (
			);
			name = Lecture3;
			productName = Lecture3;
			productReference = FEF3DC0E1D21DBA0009E86EA /* Lecture3.app */;
			productType = "com.apple.product-type.application";
		};
/* End PBXNativeTarget section */

/* Begin PBXProject section */
		FEF3DC061D21DBA0009E86EA /* Project object */ = {
			isa = PBXProject;
			attributes = {
				LastUpgradeCheck = 0730;
				ORGANIZATIONNAME = "Arohi Kapoor";
				TargetAttributes = {
					FEF3DC0D1D21DBA0009E86EA = {
						CreatedOnToolsVersion = 7.3.1;
					};
				};
			};
			buildConfigurationList = FEF3DC091D21DBA0009E86EA /* Build configuration list for PBXProject "Lecture3" */;
			compatibilityVersion = "Xcode 3.2";
			developmentRegion = English;
			hasScannedForEncodings = 0;
			knownRegions = (
				en,
				Base,
			);
			mainGroup = FEF3DC051D21DBA0009E86EA;
			productRefGroup = FEF3DC0F1D21DBA0009E86EA /* Products */;
			projectDirPath = "";
			projectRoot = "";
			targets = (
				FEF3DC0D1D21DBA0009E86EA /* Lecture3 */,
			);
		};
/* End PBXProject section */

/* Begin PBXResourcesBuildPhase section */
		FEF3DC0C1D21DBA0009E86EA /* Resources */ = {
			isa = PBXResourcesBuildPhase;
			buildActionMask = 2147483647;
			files = (
				FEF3DC241D21DBA0009E86EA /* LaunchScreen.storyboard in Resources */,
				FEF3DC211D21DBA0009E86EA /* Assets.xcassets in Resources */,
				FEF3DC1F1D21DBA0009E86EA /* Main.storyboard in Resources */,
			);
			runOnlyForDeploymentPostprocessing = 0;
		};
/* End PBXResourcesBuildPhase section */

/* Begin PBXSourcesBuildPhase section */
		FEF3DC0A1D21DBA0009E86EA /* Sources */ = {
			isa = PBXSourcesBuildPhase;
			buildActionMask = 2147483647;
			files = (
				FEF3DC1C1D21DBA0009E86EA /* SecondViewController.m in Sources */,
				FEF3DC161D21DBA0009E86EA /* AppDelegate.m in Sources */,
				FEF3DC191D21DBA0009E86EA /* FirstViewController.m in Sources */,
				FEF3DC131D21DBA0009E86EA /* main.m in Sources */,
			);
			runOnlyForDeploymentPostprocessing = 0;
		};
/* End PBXSourcesBuildPhase section */

/* Begin PBXVariantGroup section */
		FEF3DC1D1D21DBA0009E86EA /* Main.storyboard */ = {
			isa = PBXVariantGroup;
			children = (
				FEF3DC1E1D21DBA0009E86EA /* Base */,
			);
			name = Main.storyboard;
			sourceTree = "<group>";
		};
		FEF3DC221D21DBA0009E86EA /* LaunchScreen.storyboard */ = {
			isa = PBXVariantGroup;
			children = (
				FEF3DC231D21DBA0009E86EA /* Base */,
			);
			name = LaunchScreen.storyboard;
			sourceTree = "<group>";
		};
/* End PBXVariantGroup section */

/* Begin XCBuildConfiguration section */
		FEF3DC261D21DBA0009E86EA /* Debug */ = {
			isa = XCBuildConfiguration;
			buildSettings = {
				ALWAYS_SEARCH_USER_PATHS = NO;
				CLANG_ANALYZER_NONNULL = YES;
				CLANG_CXX_LANGUAGE_STANDARD = "gnu++0x";
				CLANG_CXX_LIBRARY = "libc++";
				CLANG_ENABLE_MODULES = YES;
				CLANG_ENABLE_OBJC_ARC = YES;
				CLANG_WARN_BOOL_CONVERSION = YES;
				CLANG_WARN_CONSTANT_CONVERSION = YES;
				CLANG_WARN_DIRECT_OBJC_ISA_USAGE = YES_ERROR;
				CLANG_WARN_EMPTY_BODY = YES;
				CLANG_WARN_ENUM_CONVERSION = YES;
				CLANG_WARN_INT_CONVERSION = YES;
				CLANG_WARN_OBJC_ROOT_CLASS = YES_ERROR;
				CLANG_WARN_UNREACHABLE_CODE = YES;
				CLANG_WARN__DUPLICATE_METHOD_MATCH = YES;
				"CODE_SIGN_IDENTITY[sdk=iphoneos*]" = "iPhone Developer";
				COPY_PHASE_STRIP = NO;
				DEBUG_INFORMATION_FORMAT = dwarf;
				ENABLE_STRICT_OBJC_MSGSEND = YES;
				ENABLE_TESTABILITY = YES;
				GCC_C_LANGUAGE_STANDARD = gnu99;
				GCC_DYNAMIC_NO_PIC = NO;
				GCC_NO_COMMON_BLOCKS = YES;
				GCC_OPTIMIZATION_LEVEL = 0;
				GCC_PREPROCESSOR_DEFINITIONS = (
					"DEBUG=1",
					"$(inherited)",
				);
				GCC_WARN_64_TO_32_BIT_CONVERSION = YES;
				GCC_WARN_ABOUT_RETURN_TYPE = YES_ERROR;
				GCC_WARN_UNDECLARED_SELECTOR = YES;
				GCC_WARN_UNINITIALIZED_AUTOS = YES_AGGRESSIVE;
				GCC_WARN_UNUSED_FUNCTION = YES;
				GCC_WARN_UNUSED_VARIABLE = YES;
				IPHONEOS_DEPLOYMENT_TARGET = 9.3;
				MTL_ENABLE_DEBUG_INFO = YES;
				ONLY_ACTIVE_ARCH = YES;
				SDKROOT = iphoneos;
				TARGETED_DEVICE_FAMILY = "1,2";
			};
			name = Debug;
		};
		FEF3DC271D21DBA0009E86EA /* Release */ = {
			isa = XCBuildConfiguration;
			buildSettings = {
				ALWAYS_SEARCH_USER_PATHS = NO;
				CLANG_ANALYZER_NONNULL = YES;
				CLANG_CXX_LANGUAGE_STANDARD = "gnu++0x";
				CLANG_CXX_LIBRARY = "libc++";
				CLANG_ENABLE_MODULES = YES;
				CLANG_ENABLE_OBJC_ARC = YES;
				CLANG_WARN_BOOL_CONVERSION = YES;
				CLANG_WARN_CONSTANT_CONVERSION = YES;
				CLANG_WARN_DIRECT_OBJC_ISA_USAGE = YES_ERROR;
				CLANG_WARN_EMPTY_BODY = YES;
				CLANG_WARN_ENUM_CONVERSION = YES;
				CLANG_WARN_INT_CONVERSION = YES;
				CLANG_WARN_OBJC_ROOT_CLASS = YES_ERROR;
				CLANG_WARN_UNREACHABLE_CODE = YES;
				CLANG_WARN__DUPLICATE_METHOD_MATCH = YES;
				"CODE_SIGN_IDENTITY[sdk=iphoneos*]" = "iPhone Developer";
				COPY_PHASE_STRIP = NO;
				DEBUG_INFORMATION_FORMAT = "dwarf-with-dsym";
				ENABLE_NS_ASSERTIONS = NO;
				ENABLE_STRICT_OBJC_MSGSEND = YES;
				GCC_C_LANGUAGE_STANDARD = gnu99;
				GCC_NO_COMMON_BLOCKS = YES;
				GCC_WARN_64_TO_32_BIT_CONVERSION = YES;
				GCC_WARN_ABOUT_RETURN_TYPE = YES_ERROR;
				GCC_WARN_UNDECLARED_SELECTOR = YES;
				GCC_WARN_UNINITIALIZED_AUTOS = YES_AGGRESSIVE;
				GCC_WARN_UNUSED_FUNCTION = YES;
				GCC_WARN_UNUSED_VARIABLE = YES;
				IPHONEOS_DEPLOYMENT_TARGET = 9.3;
				MTL_ENABLE_DEBUG_INFO = NO;
				SDKROOT = iphoneos;
				TARGETED_DEVICE_FAMILY = "1,2";
				VALIDATE_PRODUCT = YES;
			};
			name = Release;
		};
		FEF3DC291D21DBA0009E86EA /* Debug */ = {
			isa = XCBuildConfiguration;
			buildSettings = {
				ASSETCATALOG_COMPILER_APPICON_NAME = AppIcon;
				INFOPLIST_FILE = Lecture3/Info.plist;
				LD_RUNPATH_SEARCH_PATHS = "$(inherited) @executable_path/Frameworks";
				PRODUCT_BUNDLE_IDENTIFIER = IOS.Lecture3;
				PRODUCT_NAME = "$(TARGET_NAME)";
			};
			name = Debug;
		};
		FEF3DC2A1D21DBA0009E86EA /* Release */ = {
			isa = XCBuildConfiguration;
			buildSettings = {
				ASSETCATALOG_COMPILER_APPICON_NAME = AppIcon;
				INFOPLIST_FILE = Lecture3/Info.plist;
				LD_RUNPATH_SEARCH_PATHS = "$(inherited) @executable_path/Frameworks";
				PRODUCT_BUNDLE_IDENTIFIER = IOS.Lecture3;
				PRODUCT_NAME = "$(TARGET_NAME)";
			};
			name = Release;
		};
/* End XCBuildConfiguration section */

/* Begin XCConfigurationList section */
		FEF3DC091D21DBA0009E86EA /* Build configuration list for PBXProject "Lecture3" */ = {
			isa = XCConfigurationList;
			buildConfigurations = (
				FEF3DC261D21DBA0009E86EA /* Debug */,
				FEF3DC271D21DBA0009E86EA /* Release */,
			);
			defaultConfigurationIsVisible = 0;
			defaultConfigurationName = Release;
		};
		FEF3DC281D21DBA0009E86EA /* Build configuration list for PBXNativeTarget "Lecture3" */ = {
			isa = XCConfigurationList;
			buildConfigurations = (
				FEF3DC291D21DBA0009E86EA /* Debug */,
				FEF3DC2A1D21DBA0009E86EA /* Release */,
			);
			defaultConfigurationIsVisible = 0;
		};
/* End XCConfigurationList section */
	};
	rootObject = FEF3DC061D21DBA0009E86EA /* Project object */;
}
